// !$*UTF8*$!
{
	archiveVersion = 1;
	classes = {
	};
	objectVersion = 50;
	objects = {

/* Begin PBXBuildFile section */
		892C9198234A0B9B00AA95B3 /* Models.swift in Sources */ = {isa = PBXBuildFile; fileRef = 892C9197234A0B9B00AA95B3 /* Models.swift */; };
		897B2A7E2340ED4F00CC591A /* Dump.swift in Sources */ = {isa = PBXBuildFile; fileRef = 897B2A7D2340ED4F00CC591A /* Dump.swift */; };
		897B2A802340FC1A00CC591A /* Functions.swift in Sources */ = {isa = PBXBuildFile; fileRef = 897B2A7F2340FC1A00CC591A /* Functions.swift */; };
		89A25B9722FF2055003AA61B /* main.swift in Sources */ = {isa = PBXBuildFile; fileRef = 89A25B9622FF2055003AA61B /* main.swift */; };
		89B34767233F95FC003E2B28 /* Extensions.swift in Sources */ = {isa = PBXBuildFile; fileRef = 89B34766233F95FC003E2B28 /* Extensions.swift */; };
		B81932B123B65AEA00CEBCCB /* main.swift in Sources */ = {isa = PBXBuildFile; fileRef = B81932B023B65AEA00CEBCCB /* main.swift */; };
		B856156523C36DAD006F5DEA /* CheckSentenceData.swift in Sources */ = {isa = PBXBuildFile; fileRef = B856156423C36DAD006F5DEA /* CheckSentenceData.swift */; };
		B89C777C23B65C1700F23E64 /* SentenceController.swift in Sources */ = {isa = PBXBuildFile; fileRef = B89C776023B65C1700F23E64 /* SentenceController.swift */; };
		B89C777D23B65C1700F23E64 /* SentenceController+FindCorrectOne.swift in Sources */ = {isa = PBXBuildFile; fileRef = B89C776123B65C1700F23E64 /* SentenceController+FindCorrectOne.swift */; };
		B89C777E23B65C1700F23E64 /* CartesianProduct.swift in Sources */ = {isa = PBXBuildFile; fileRef = B89C776323B65C1700F23E64 /* CartesianProduct.swift */; };
		B89C777F23B65C1700F23E64 /* PySwiftyRegex.swift in Sources */ = {isa = PBXBuildFile; fileRef = B89C776523B65C1700F23E64 /* PySwiftyRegex.swift */; };
		B89C778023B65C1700F23E64 /* StringConstants.swift in Sources */ = {isa = PBXBuildFile; fileRef = B89C776923B65C1700F23E64 /* StringConstants.swift */; };
		B89C778123B65C1700F23E64 /* SentencePart.swift in Sources */ = {isa = PBXBuildFile; fileRef = B89C776C23B65C1700F23E64 /* SentencePart.swift */; };
		B89C778223B65C1700F23E64 /* Sentence.swift in Sources */ = {isa = PBXBuildFile; fileRef = B89C776D23B65C1700F23E64 /* Sentence.swift */; };
		B89C778323B65C1700F23E64 /* Correct.swift in Sources */ = {isa = PBXBuildFile; fileRef = B89C776E23B65C1700F23E64 /* Correct.swift */; };
		B89C778423B65C1700F23E64 /* Rules.swift in Sources */ = {isa = PBXBuildFile; fileRef = B89C777023B65C1700F23E64 /* Rules.swift */; };
		B89C778523B65C1700F23E64 /* SentenceControllerError.swift in Sources */ = {isa = PBXBuildFile; fileRef = B89C777323B65C1700F23E64 /* SentenceControllerError.swift */; };
		B89C778623B65C1700F23E64 /* RegexResult.swift in Sources */ = {isa = PBXBuildFile; fileRef = B89C777523B65C1700F23E64 /* RegexResult.swift */; };
		B89C778723B65C1700F23E64 /* CorrectSentence.swift in Sources */ = {isa = PBXBuildFile; fileRef = B89C777723B65C1700F23E64 /* CorrectSentence.swift */; };
		B89C778823B65C1700F23E64 /* CollectionsExtensions.swift in Sources */ = {isa = PBXBuildFile; fileRef = B89C777923B65C1700F23E64 /* CollectionsExtensions.swift */; };
		B89C778923B65C1700F23E64 /* StringExtensions.swift in Sources */ = {isa = PBXBuildFile; fileRef = B89C777A23B65C1700F23E64 /* StringExtensions.swift */; };
		B89C778A23B65C1700F23E64 /* NumericExtensions.swift in Sources */ = {isa = PBXBuildFile; fileRef = B89C777B23B65C1700F23E64 /* NumericExtensions.swift */; };
/* End PBXBuildFile section */

/* Begin PBXCopyFilesBuildPhase section */
		89A25B9122FF2055003AA61B /* CopyFiles */ = {
			isa = PBXCopyFilesBuildPhase;
			buildActionMask = 2147483647;
			dstPath = /usr/share/man/man1/;
			dstSubfolderSpec = 0;
			files = (
			);
			runOnlyForDeploymentPostprocessing = 1;
		};
		B81932AC23B65AEA00CEBCCB /* CopyFiles */ = {
			isa = PBXCopyFilesBuildPhase;
			buildActionMask = 2147483647;
			dstPath = /usr/share/man/man1/;
			dstSubfolderSpec = 0;
			files = (
			);
			runOnlyForDeploymentPostprocessing = 1;
		};
/* End PBXCopyFilesBuildPhase section */

/* Begin PBXFileReference section */
		892C9197234A0B9B00AA95B3 /* Models.swift */ = {isa = PBXFileReference; lastKnownFileType = sourcecode.swift; path = Models.swift; sourceTree = "<group>"; };
		897B2A7D2340ED4F00CC591A /* Dump.swift */ = {isa = PBXFileReference; lastKnownFileType = sourcecode.swift; path = Dump.swift; sourceTree = "<group>"; };
		897B2A7F2340FC1A00CC591A /* Functions.swift */ = {isa = PBXFileReference; lastKnownFileType = sourcecode.swift; path = Functions.swift; sourceTree = "<group>"; };
		89A25B9322FF2055003AA61B /* CMD */ = {isa = PBXFileReference; explicitFileType = "compiled.mach-o.executable"; includeInIndex = 0; path = CMD; sourceTree = BUILT_PRODUCTS_DIR; };
		89A25B9622FF2055003AA61B /* main.swift */ = {isa = PBXFileReference; lastKnownFileType = sourcecode.swift; path = main.swift; sourceTree = "<group>"; };
		89B34766233F95FC003E2B28 /* Extensions.swift */ = {isa = PBXFileReference; lastKnownFileType = sourcecode.swift; path = Extensions.swift; sourceTree = "<group>"; };
		B81932AE23B65AEA00CEBCCB /* PreviousAlgo */ = {isa = PBXFileReference; explicitFileType = "compiled.mach-o.executable"; includeInIndex = 0; path = PreviousAlgo; sourceTree = BUILT_PRODUCTS_DIR; };
		B81932B023B65AEA00CEBCCB /* main.swift */ = {isa = PBXFileReference; lastKnownFileType = sourcecode.swift; path = main.swift; sourceTree = "<group>"; };
		B856156423C36DAD006F5DEA /* CheckSentenceData.swift */ = {isa = PBXFileReference; fileEncoding = 4; lastKnownFileType = sourcecode.swift; path = CheckSentenceData.swift; sourceTree = "<group>"; };
		B89C776023B65C1700F23E64 /* SentenceController.swift */ = {isa = PBXFileReference; fileEncoding = 4; lastKnownFileType = sourcecode.swift; path = SentenceController.swift; sourceTree = "<group>"; };
		B89C776123B65C1700F23E64 /* SentenceController+FindCorrectOne.swift */ = {isa = PBXFileReference; fileEncoding = 4; lastKnownFileType = sourcecode.swift; path = "SentenceController+FindCorrectOne.swift"; sourceTree = "<group>"; };
		B89C776323B65C1700F23E64 /* CartesianProduct.swift */ = {isa = PBXFileReference; fileEncoding = 4; lastKnownFileType = sourcecode.swift; path = CartesianProduct.swift; sourceTree = "<group>"; };
		B89C776523B65C1700F23E64 /* PySwiftyRegex.swift */ = {isa = PBXFileReference; fileEncoding = 4; lastKnownFileType = sourcecode.swift; path = PySwiftyRegex.swift; sourceTree = "<group>"; };
		B89C776723B65C1700F23E64 /* rules.json */ = {isa = PBXFileReference; fileEncoding = 4; lastKnownFileType = text.json; path = rules.json; sourceTree = "<group>"; };
		B89C776923B65C1700F23E64 /* StringConstants.swift */ = {isa = PBXFileReference; fileEncoding = 4; lastKnownFileType = sourcecode.swift; path = StringConstants.swift; sourceTree = "<group>"; };
		B89C776C23B65C1700F23E64 /* SentencePart.swift */ = {isa = PBXFileReference; fileEncoding = 4; lastKnownFileType = sourcecode.swift; path = SentencePart.swift; sourceTree = "<group>"; };
		B89C776D23B65C1700F23E64 /* Sentence.swift */ = {isa = PBXFileReference; fileEncoding = 4; lastKnownFileType = sourcecode.swift; path = Sentence.swift; sourceTree = "<group>"; };
		B89C776E23B65C1700F23E64 /* Correct.swift */ = {isa = PBXFileReference; fileEncoding = 4; lastKnownFileType = sourcecode.swift; path = Correct.swift; sourceTree = "<group>"; };
		B89C777023B65C1700F23E64 /* Rules.swift */ = {isa = PBXFileReference; fileEncoding = 4; lastKnownFileType = sourcecode.swift; path = Rules.swift; sourceTree = "<group>"; };
		B89C777123B65C1700F23E64 /* rules.json */ = {isa = PBXFileReference; fileEncoding = 4; lastKnownFileType = text.json; path = rules.json; sourceTree = "<group>"; };
		B89C777323B65C1700F23E64 /* SentenceControllerError.swift */ = {isa = PBXFileReference; fileEncoding = 4; lastKnownFileType = sourcecode.swift; path = SentenceControllerError.swift; sourceTree = "<group>"; };
		B89C777523B65C1700F23E64 /* RegexResult.swift */ = {isa = PBXFileReference; fileEncoding = 4; lastKnownFileType = sourcecode.swift; path = RegexResult.swift; sourceTree = "<group>"; };
		B89C777723B65C1700F23E64 /* CorrectSentence.swift */ = {isa = PBXFileReference; fileEncoding = 4; lastKnownFileType = sourcecode.swift; path = CorrectSentence.swift; sourceTree = "<group>"; };
		B89C777923B65C1700F23E64 /* CollectionsExtensions.swift */ = {isa = PBXFileReference; fileEncoding = 4; lastKnownFileType = sourcecode.swift; path = CollectionsExtensions.swift; sourceTree = "<group>"; };
		B89C777A23B65C1700F23E64 /* StringExtensions.swift */ = {isa = PBXFileReference; fileEncoding = 4; lastKnownFileType = sourcecode.swift; path = StringExtensions.swift; sourceTree = "<group>"; };
		B89C777B23B65C1700F23E64 /* NumericExtensions.swift */ = {isa = PBXFileReference; fileEncoding = 4; lastKnownFileType = sourcecode.swift; path = NumericExtensions.swift; sourceTree = "<group>"; };
/* End PBXFileReference section */

/* Begin PBXFrameworksBuildPhase section */
		89A25B9022FF2055003AA61B /* Frameworks */ = {
			isa = PBXFrameworksBuildPhase;
			buildActionMask = 2147483647;
			files = (
			);
			runOnlyForDeploymentPostprocessing = 0;
		};
		B81932AB23B65AEA00CEBCCB /* Frameworks */ = {
			isa = PBXFrameworksBuildPhase;
			buildActionMask = 2147483647;
			files = (
			);
			runOnlyForDeploymentPostprocessing = 0;
		};
/* End PBXFrameworksBuildPhase section */

/* Begin PBXGroup section */
		89A25B8A22FF2055003AA61B = {
			isa = PBXGroup;
			children = (
				89A25B9522FF2055003AA61B /* CMD */,
				B81932AF23B65AEA00CEBCCB /* PreviousAlgo */,
				89A25B9422FF2055003AA61B /* Products */,
			);
			sourceTree = "<group>";
		};
		89A25B9422FF2055003AA61B /* Products */ = {
			isa = PBXGroup;
			children = (
				89A25B9322FF2055003AA61B /* CMD */,
				B81932AE23B65AEA00CEBCCB /* PreviousAlgo */,
			);
			name = Products;
			sourceTree = "<group>";
		};
		89A25B9522FF2055003AA61B /* CMD */ = {
			isa = PBXGroup;
			children = (
				89A25B9622FF2055003AA61B /* main.swift */,
				892C9197234A0B9B00AA95B3 /* Models.swift */,
				897B2A7F2340FC1A00CC591A /* Functions.swift */,
				89B34766233F95FC003E2B28 /* Extensions.swift */,
				897B2A7D2340ED4F00CC591A /* Dump.swift */,
			);
			path = CMD;
			sourceTree = "<group>";
		};
		B81932AF23B65AEA00CEBCCB /* PreviousAlgo */ = {
			isa = PBXGroup;
			children = (
				B856156423C36DAD006F5DEA /* CheckSentenceData.swift */,
				B89C776823B65C1700F23E64 /* Constants */,
				B89C775E23B65C1600F23E64 /* Controllers */,
				B89C777823B65C1700F23E64 /* Extensions */,
				B89C776A23B65C1700F23E64 /* Model */,
				B89C776623B65C1700F23E64 /* Resources */,
				B81932B023B65AEA00CEBCCB /* main.swift */,
			);
			path = PreviousAlgo;
			sourceTree = "<group>";
		};
		B89C775E23B65C1600F23E64 /* Controllers */ = {
			isa = PBXGroup;
			children = (
				B89C775F23B65C1600F23E64 /* SentenceController */,
				B89C776223B65C1700F23E64 /* CartesianProduct */,
				B89C776423B65C1700F23E64 /* PySwiftyRegex */,
			);
			path = Controllers;
			sourceTree = "<group>";
		};
		B89C775F23B65C1600F23E64 /* SentenceController */ = {
			isa = PBXGroup;
			children = (
				B89C776023B65C1700F23E64 /* SentenceController.swift */,
				B89C776123B65C1700F23E64 /* SentenceController+FindCorrectOne.swift */,
			);
			path = SentenceController;
			sourceTree = "<group>";
		};
		B89C776223B65C1700F23E64 /* CartesianProduct */ = {
			isa = PBXGroup;
			children = (
				B89C776323B65C1700F23E64 /* CartesianProduct.swift */,
			);
			path = CartesianProduct;
			sourceTree = "<group>";
		};
		B89C776423B65C1700F23E64 /* PySwiftyRegex */ = {
			isa = PBXGroup;
			children = (
				B89C776523B65C1700F23E64 /* PySwiftyRegex.swift */,
			);
			path = PySwiftyRegex;
			sourceTree = "<group>";
		};
		B89C776623B65C1700F23E64 /* Resources */ = {
			isa = PBXGroup;
			children = (
				B89C776723B65C1700F23E64 /* rules.json */,
			);
			path = Resources;
			sourceTree = "<group>";
		};
		B89C776823B65C1700F23E64 /* Constants */ = {
			isa = PBXGroup;
			children = (
				B89C776923B65C1700F23E64 /* StringConstants.swift */,
			);
			path = Constants;
			sourceTree = "<group>";
		};
		B89C776A23B65C1700F23E64 /* Model */ = {
			isa = PBXGroup;
			children = (
				B89C776B23B65C1700F23E64 /* Sentence */,
				B89C776F23B65C1700F23E64 /* Rules */,
				B89C777223B65C1700F23E64 /* Errors */,
				B89C777423B65C1700F23E64 /* RegexResult */,
				B89C777623B65C1700F23E64 /* CorrectSentence */,
			);
			path = Model;
			sourceTree = "<group>";
		};
		B89C776B23B65C1700F23E64 /* Sentence */ = {
			isa = PBXGroup;
			children = (
				B89C776C23B65C1700F23E64 /* SentencePart.swift */,
				B89C776D23B65C1700F23E64 /* Sentence.swift */,
				B89C776E23B65C1700F23E64 /* Correct.swift */,
			);
			path = Sentence;
			sourceTree = "<group>";
		};
		B89C776F23B65C1700F23E64 /* Rules */ = {
			isa = PBXGroup;
			children = (
				B89C777023B65C1700F23E64 /* Rules.swift */,
				B89C777123B65C1700F23E64 /* rules.json */,
			);
			path = Rules;
			sourceTree = "<group>";
		};
		B89C777223B65C1700F23E64 /* Errors */ = {
			isa = PBXGroup;
			children = (
				B89C777323B65C1700F23E64 /* SentenceControllerError.swift */,
			);
			path = Errors;
			sourceTree = "<group>";
		};
		B89C777423B65C1700F23E64 /* RegexResult */ = {
			isa = PBXGroup;
			children = (
				B89C777523B65C1700F23E64 /* RegexResult.swift */,
			);
			path = RegexResult;
			sourceTree = "<group>";
		};
		B89C777623B65C1700F23E64 /* CorrectSentence */ = {
			isa = PBXGroup;
			children = (
				B89C777723B65C1700F23E64 /* CorrectSentence.swift */,
			);
			path = CorrectSentence;
			sourceTree = "<group>";
		};
		B89C777823B65C1700F23E64 /* Extensions */ = {
			isa = PBXGroup;
			children = (
				B89C777923B65C1700F23E64 /* CollectionsExtensions.swift */,
				B89C777A23B65C1700F23E64 /* StringExtensions.swift */,
				B89C777B23B65C1700F23E64 /* NumericExtensions.swift */,
			);
			path = Extensions;
			sourceTree = "<group>";
		};
/* End PBXGroup section */

/* Begin PBXNativeTarget section */
		89A25B9222FF2055003AA61B /* CMD */ = {
			isa = PBXNativeTarget;
			buildConfigurationList = 89A25B9A22FF2055003AA61B /* Build configuration list for PBXNativeTarget "CMD" */;
			buildPhases = (
				89A25B8F22FF2055003AA61B /* Sources */,
				89A25B9022FF2055003AA61B /* Frameworks */,
				89A25B9122FF2055003AA61B /* CopyFiles */,
			);
			buildRules = (
			);
			dependencies = (
			);
			name = CMD;
			productName = CMD;
			productReference = 89A25B9322FF2055003AA61B /* CMD */;
			productType = "com.apple.product-type.tool";
		};
		B81932AD23B65AEA00CEBCCB /* PreviousAlgo */ = {
			isa = PBXNativeTarget;
			buildConfigurationList = B81932B223B65AEA00CEBCCB /* Build configuration list for PBXNativeTarget "PreviousAlgo" */;
			buildPhases = (
				B81932AA23B65AEA00CEBCCB /* Sources */,
				B81932AB23B65AEA00CEBCCB /* Frameworks */,
				B81932AC23B65AEA00CEBCCB /* CopyFiles */,
			);
			buildRules = (
			);
			dependencies = (
			);
			name = PreviousAlgo;
			productName = PreviousAlgo;
			productReference = B81932AE23B65AEA00CEBCCB /* PreviousAlgo */;
			productType = "com.apple.product-type.tool";
		};
/* End PBXNativeTarget section */

/* Begin PBXProject section */
		89A25B8B22FF2055003AA61B /* Project object */ = {
			isa = PBXProject;
			attributes = {
				LastSwiftUpdateCheck = 1100;
				LastUpgradeCheck = 1100;
				ORGANIZATIONNAME = "Serge Vysotsky";
				TargetAttributes = {
					89A25B9222FF2055003AA61B = {
						CreatedOnToolsVersion = 11.0;
					};
					B81932AD23B65AEA00CEBCCB = {
						CreatedOnToolsVersion = 11.0;
					};
				};
			};
			buildConfigurationList = 89A25B8E22FF2055003AA61B /* Build configuration list for PBXProject "CMD" */;
			compatibilityVersion = "Xcode 9.3";
			developmentRegion = en;
			hasScannedForEncodings = 0;
			knownRegions = (
				en,
				Base,
			);
			mainGroup = 89A25B8A22FF2055003AA61B;
			productRefGroup = 89A25B9422FF2055003AA61B /* Products */;
			projectDirPath = "";
			projectRoot = "";
			targets = (
				89A25B9222FF2055003AA61B /* CMD */,
				B81932AD23B65AEA00CEBCCB /* PreviousAlgo */,
			);
		};
/* End PBXProject section */

/* Begin PBXSourcesBuildPhase section */
		89A25B8F22FF2055003AA61B /* Sources */ = {
			isa = PBXSourcesBuildPhase;
			buildActionMask = 2147483647;
			files = (
				892C9198234A0B9B00AA95B3 /* Models.swift in Sources */,
				89A25B9722FF2055003AA61B /* main.swift in Sources */,
				89B34767233F95FC003E2B28 /* Extensions.swift in Sources */,
				897B2A7E2340ED4F00CC591A /* Dump.swift in Sources */,
				897B2A802340FC1A00CC591A /* Functions.swift in Sources */,
			);
			runOnlyForDeploymentPostprocessing = 0;
		};
		B81932AA23B65AEA00CEBCCB /* Sources */ = {
			isa = PBXSourcesBuildPhase;
			buildActionMask = 2147483647;
			files = (
				B89C777F23B65C1700F23E64 /* PySwiftyRegex.swift in Sources */,
				B89C778523B65C1700F23E64 /* SentenceControllerError.swift in Sources */,
				B89C778123B65C1700F23E64 /* SentencePart.swift in Sources */,
				B89C777E23B65C1700F23E64 /* CartesianProduct.swift in Sources */,
				B89C778023B65C1700F23E64 /* StringConstants.swift in Sources */,
				B856156523C36DAD006F5DEA /* CheckSentenceData.swift in Sources */,
				B89C778A23B65C1700F23E64 /* NumericExtensions.swift in Sources */,
				B89C777D23B65C1700F23E64 /* SentenceController+FindCorrectOne.swift in Sources */,
				B89C777C23B65C1700F23E64 /* SentenceController.swift in Sources */,
				B89C778223B65C1700F23E64 /* Sentence.swift in Sources */,
				B89C778723B65C1700F23E64 /* CorrectSentence.swift in Sources */,
				B89C778323B65C1700F23E64 /* Correct.swift in Sources */,
				B81932B123B65AEA00CEBCCB /* main.swift in Sources */,
				B89C778823B65C1700F23E64 /* CollectionsExtensions.swift in Sources */,
				B89C778923B65C1700F23E64 /* StringExtensions.swift in Sources */,
				B89C778623B65C1700F23E64 /* RegexResult.swift in Sources */,
				B89C778423B65C1700F23E64 /* Rules.swift in Sources */,
			);
			runOnlyForDeploymentPostprocessing = 0;
		};
/* End PBXSourcesBuildPhase section */

/* Begin XCBuildConfiguration section */
		89A25B9822FF2055003AA61B /* Debug */ = {
			isa = XCBuildConfiguration;
			buildSettings = {
				ALWAYS_SEARCH_USER_PATHS = NO;
				CLANG_ANALYZER_NONNULL = YES;
				CLANG_ANALYZER_NUMBER_OBJECT_CONVERSION = YES_AGGRESSIVE;
				CLANG_CXX_LANGUAGE_STANDARD = "gnu++14";
				CLANG_CXX_LIBRARY = "libc++";
				CLANG_ENABLE_MODULES = YES;
				CLANG_ENABLE_OBJC_ARC = YES;
				CLANG_ENABLE_OBJC_WEAK = YES;
				CLANG_WARN_BLOCK_CAPTURE_AUTORELEASING = YES;
				CLANG_WARN_BOOL_CONVERSION = YES;
				CLANG_WARN_COMMA = YES;
				CLANG_WARN_CONSTANT_CONVERSION = YES;
				CLANG_WARN_DEPRECATED_OBJC_IMPLEMENTATIONS = YES;
				CLANG_WARN_DIRECT_OBJC_ISA_USAGE = YES_ERROR;
				CLANG_WARN_DOCUMENTATION_COMMENTS = YES;
				CLANG_WARN_EMPTY_BODY = YES;
				CLANG_WARN_ENUM_CONVERSION = YES;
				CLANG_WARN_INFINITE_RECURSION = YES;
				CLANG_WARN_INT_CONVERSION = YES;
				CLANG_WARN_NON_LITERAL_NULL_CONVERSION = YES;
				CLANG_WARN_OBJC_IMPLICIT_RETAIN_SELF = YES;
				CLANG_WARN_OBJC_LITERAL_CONVERSION = YES;
				CLANG_WARN_OBJC_ROOT_CLASS = YES_ERROR;
				CLANG_WARN_RANGE_LOOP_ANALYSIS = YES;
				CLANG_WARN_STRICT_PROTOTYPES = YES;
				CLANG_WARN_SUSPICIOUS_MOVE = YES;
				CLANG_WARN_UNGUARDED_AVAILABILITY = YES_AGGRESSIVE;
				CLANG_WARN_UNREACHABLE_CODE = YES;
				CLANG_WARN__DUPLICATE_METHOD_MATCH = YES;
				COPY_PHASE_STRIP = NO;
				DEBUG_INFORMATION_FORMAT = dwarf;
				ENABLE_STRICT_OBJC_MSGSEND = YES;
				ENABLE_TESTABILITY = YES;
				GCC_C_LANGUAGE_STANDARD = gnu11;
				GCC_DYNAMIC_NO_PIC = NO;
				GCC_NO_COMMON_BLOCKS = YES;
				GCC_OPTIMIZATION_LEVEL = 0;
				GCC_PREPROCESSOR_DEFINITIONS = (
					"DEBUG=1",
					"$(inherited)",
				);
				GCC_WARN_64_TO_32_BIT_CONVERSION = YES;
				GCC_WARN_ABOUT_RETURN_TYPE = YES_ERROR;
				GCC_WARN_UNDECLARED_SELECTOR = YES;
				GCC_WARN_UNINITIALIZED_AUTOS = YES_AGGRESSIVE;
				GCC_WARN_UNUSED_FUNCTION = YES;
				GCC_WARN_UNUSED_VARIABLE = YES;
				MACOSX_DEPLOYMENT_TARGET = 10.15;
				MTL_ENABLE_DEBUG_INFO = INCLUDE_SOURCE;
				MTL_FAST_MATH = YES;
				ONLY_ACTIVE_ARCH = YES;
				SDKROOT = macosx;
				SWIFT_ACTIVE_COMPILATION_CONDITIONS = DEBUG;
				SWIFT_OPTIMIZATION_LEVEL = "-Onone";
			};
			name = Debug;
		};
		89A25B9922FF2055003AA61B /* Release */ = {
			isa = XCBuildConfiguration;
			buildSettings = {
				ALWAYS_SEARCH_USER_PATHS = NO;
				CLANG_ANALYZER_NONNULL = YES;
				CLANG_ANALYZER_NUMBER_OBJECT_CONVERSION = YES_AGGRESSIVE;
				CLANG_CXX_LANGUAGE_STANDARD = "gnu++14";
				CLANG_CXX_LIBRARY = "libc++";
				CLANG_ENABLE_MODULES = YES;
				CLANG_ENABLE_OBJC_ARC = YES;
				CLANG_ENABLE_OBJC_WEAK = YES;
				CLANG_WARN_BLOCK_CAPTURE_AUTORELEASING = YES;
				CLANG_WARN_BOOL_CONVERSION = YES;
				CLANG_WARN_COMMA = YES;
				CLANG_WARN_CONSTANT_CONVERSION = YES;
				CLANG_WARN_DEPRECATED_OBJC_IMPLEMENTATIONS = YES;
				CLANG_WARN_DIRECT_OBJC_ISA_USAGE = YES_ERROR;
				CLANG_WARN_DOCUMENTATION_COMMENTS = YES;
				CLANG_WARN_EMPTY_BODY = YES;
				CLANG_WARN_ENUM_CONVERSION = YES;
				CLANG_WARN_INFINITE_RECURSION = YES;
				CLANG_WARN_INT_CONVERSION = YES;
				CLANG_WARN_NON_LITERAL_NULL_CONVERSION = YES;
				CLANG_WARN_OBJC_IMPLICIT_RETAIN_SELF = YES;
				CLANG_WARN_OBJC_LITERAL_CONVERSION = YES;
				CLANG_WARN_OBJC_ROOT_CLASS = YES_ERROR;
				CLANG_WARN_RANGE_LOOP_ANALYSIS = YES;
				CLANG_WARN_STRICT_PROTOTYPES = YES;
				CLANG_WARN_SUSPICIOUS_MOVE = YES;
				CLANG_WARN_UNGUARDED_AVAILABILITY = YES_AGGRESSIVE;
				CLANG_WARN_UNREACHABLE_CODE = YES;
				CLANG_WARN__DUPLICATE_METHOD_MATCH = YES;
				COPY_PHASE_STRIP = NO;
				DEBUG_INFORMATION_FORMAT = "dwarf-with-dsym";
				ENABLE_NS_ASSERTIONS = NO;
				ENABLE_STRICT_OBJC_MSGSEND = YES;
				GCC_C_LANGUAGE_STANDARD = gnu11;
				GCC_NO_COMMON_BLOCKS = YES;
				GCC_WARN_64_TO_32_BIT_CONVERSION = YES;
				GCC_WARN_ABOUT_RETURN_TYPE = YES_ERROR;
				GCC_WARN_UNDECLARED_SELECTOR = YES;
				GCC_WARN_UNINITIALIZED_AUTOS = YES_AGGRESSIVE;
				GCC_WARN_UNUSED_FUNCTION = YES;
				GCC_WARN_UNUSED_VARIABLE = YES;
				MACOSX_DEPLOYMENT_TARGET = 10.15;
				MTL_ENABLE_DEBUG_INFO = NO;
				MTL_FAST_MATH = YES;
				SDKROOT = macosx;
				SWIFT_COMPILATION_MODE = wholemodule;
				SWIFT_OPTIMIZATION_LEVEL = "-O";
			};
			name = Release;
		};
		89A25B9B22FF2055003AA61B /* Debug */ = {
			isa = XCBuildConfiguration;
			buildSettings = {
				CODE_SIGN_STYLE = Automatic;
				DEVELOPMENT_TEAM = Y2589WJ83E;
				ENABLE_HARDENED_RUNTIME = YES;
				PRODUCT_NAME = "$(TARGET_NAME)";
				SWIFT_VERSION = 5.0;
			};
			name = Debug;
		};
		89A25B9C22FF2055003AA61B /* Release */ = {
			isa = XCBuildConfiguration;
			buildSettings = {
				CODE_SIGN_STYLE = Automatic;
				DEVELOPMENT_TEAM = Y2589WJ83E;
				ENABLE_HARDENED_RUNTIME = YES;
				PRODUCT_NAME = "$(TARGET_NAME)";
				SWIFT_VERSION = 5.0;
			};
			name = Release;
		};
		B81932B323B65AEA00CEBCCB /* Debug */ = {
			isa = XCBuildConfiguration;
			buildSettings = {
				CODE_SIGN_STYLE = Automatic;
				DEVELOPMENT_TEAM = 7KV2TQ6H67;
				ENABLE_HARDENED_RUNTIME = YES;
				MACOSX_DEPLOYMENT_TARGET = 10.14;
				PRODUCT_NAME = "$(TARGET_NAME)";
				SWIFT_VERSION = 5.0;
			};
			name = Debug;
		};
		B81932B423B65AEA00CEBCCB /* Release */ = {
			isa = XCBuildConfiguration;
			buildSettings = {
				CODE_SIGN_STYLE = Automatic;
				DEVELOPMENT_TEAM = 7KV2TQ6H67;
				ENABLE_HARDENED_RUNTIME = YES;
				MACOSX_DEPLOYMENT_TARGET = 10.14;
				PRODUCT_NAME = "$(TARGET_NAME)";
				SWIFT_VERSION = 5.0;
			};
			name = Release;
		};
/* End XCBuildConfiguration section */

/* Begin XCConfigurationList section */
		89A25B8E22FF2055003AA61B /* Build configuration list for PBXProject "CMD" */ = {
			isa = XCConfigurationList;
			buildConfigurations = (
				89A25B9822FF2055003AA61B /* Debug */,
				89A25B9922FF2055003AA61B /* Release */,
			);
			defaultConfigurationIsVisible = 0;
			defaultConfigurationName = Release;
		};
		89A25B9A22FF2055003AA61B /* Build configuration list for PBXNativeTarget "CMD" */ = {
			isa = XCConfigurationList;
			buildConfigurations = (
				89A25B9B22FF2055003AA61B /* Debug */,
				89A25B9C22FF2055003AA61B /* Release */,
			);
			defaultConfigurationIsVisible = 0;
			defaultConfigurationName = Release;
		};
		B81932B223B65AEA00CEBCCB /* Build configuration list for PBXNativeTarget "PreviousAlgo" */ = {
			isa = XCConfigurationList;
			buildConfigurations = (
				B81932B323B65AEA00CEBCCB /* Debug */,
				B81932B423B65AEA00CEBCCB /* Release */,
			);
			defaultConfigurationIsVisible = 0;
			defaultConfigurationName = Release;
		};
/* End XCConfigurationList section */
	};
	rootObject = 89A25B8B22FF2055003AA61B /* Project object */;
}
